
Microsoft Visual Studio Solution File, Format Version 12.00
# Visual Studio 15
Project("{FAE04EC0-301F-11D3-BF4B-00C04F79EFBC}") = "Jadwigowy TD", "Assembly-CSharp.csproj", "{C3CFC9A2-049D-939A-9279-DDB5142D438D}"
EndProject
Project("{FAE04EC0-301F-11D3-BF4B-00C04F79EFBC}") = "Jadwigowy TD", "Assembly-CSharp-Editor.csproj", "{8277D20E-674F-AEFA-3284-C4353F1FB7E8}"
EndProject
Global
	GlobalSection(SolutionConfigurationPlatforms) = preSolution
		Debug|Any CPU = Debug|Any CPU
		Release|Any CPU = Release|Any CPU
	EndGlobalSection
	GlobalSection(ProjectConfigurationPlatforms) = postSolution
		{C3CFC9A2-049D-939A-9279-DDB5142D438D}.Debug|Any CPU.ActiveCfg = Debug|Any CPU
		{C3CFC9A2-049D-939A-9279-DDB5142D438D}.Debug|Any CPU.Build.0 = Debug|Any CPU
		{C3CFC9A2-049D-939A-9279-DDB5142D438D}.Release|Any CPU.ActiveCfg = Release|Any CPU
		{C3CFC9A2-049D-939A-9279-DDB5142D438D}.Release|Any CPU.Build.0 = Release|Any CPU
		{8277D20E-674F-AEFA-3284-C4353F1FB7E8}.Debug|Any CPU.ActiveCfg = Debug|Any CPU
		{8277D20E-674F-AEFA-3284-C4353F1FB7E8}.Debug|Any CPU.Build.0 = Debug|Any CPU
		{8277D20E-674F-AEFA-3284-C4353F1FB7E8}.Release|Any CPU.ActiveCfg = Release|Any CPU
		{8277D20E-674F-AEFA-3284-C4353F1FB7E8}.Release|Any CPU.Build.0 = Release|Any CPU
	EndGlobalSection
	GlobalSection(SolutionProperties) = preSolution
		HideSolutionNode = FALSE
	EndGlobalSection
EndGlobal
